
Microsoft Visual Studio Solution File, Format Version 12.00
# Visual Studio Version 16
VisualStudioVersion = 16.0.30523.141
MinimumVisualStudioVersion = 10.0.40219.1
Project("{FAE04EC0-301F-11D3-BF4B-00C04F79EFBC}") = "FOI_GET", "FOI_GET\FOI_GET.csproj", "{2A091EEA-4325-4244-A7E3-DF47470DF13E}"
EndProject
Global
	GlobalSection(SolutionConfigurationPlatforms) = preSolution
		Debug|Any CPU = Debug|Any CPU
		Release|Any CPU = Release|Any CPU
	EndGlobalSection
	GlobalSection(ProjectConfigurationPlatforms) = postSolution
		{2A091EEA-4325-4244-A7E3-DF47470DF13E}.Debug|Any CPU.ActiveCfg = Debug|Any CPU
		{2A091EEA-4325-4244-A7E3-DF47470DF13E}.Debug|Any CPU.Build.0 = Debug|Any CPU
		{2A091EEA-4325-4244-A7E3-DF47470DF13E}.Release|Any CPU.ActiveCfg = Release|Any CPU
		{2A091EEA-4325-4244-A7E3-DF47470DF13E}.Release|Any CPU.Build.0 = Release|Any CPU
	EndGlobalSection
	GlobalSection(SolutionProperties) = preSolution
		HideSolutionNode = FALSE
	EndGlobalSection
	GlobalSection(ExtensibilityGlobals) = postSolution
		SolutionGuid = {A3A9F151-7B77-4626-B3A4-C8B2A2670E64}
	EndGlobalSection
EndGlobal
